
Microsoft Visual Studio Solution File, Format Version 12.00
# Visual Studio 15
Project("{FAE04EC0-301F-11D3-BF4B-00C04F79EFBC}") = "Hometer.Android", "Hometer.Android\Hometer.Android.csproj", "{C867DDF4-DC34-42FE-B041-AAE3083D429A}"
EndProject
Project("{FAE04EC0-301F-11D3-BF4B-00C04F79EFBC}") = "Hometer.iOS", "Hometer.iOS\Hometer.iOS.csproj", "{B6DDAFE4-A28E-4287-A775-1609FBB4F331}"
EndProject
Project("{FAE04EC0-301F-11D3-BF4B-00C04F79EFBC}") = "Hometer", "Hometer\Hometer.csproj", "{773EE1DB-CC51-445B-A57D-22112A06B5DB}"
EndProject
Global
	GlobalSection(SolutionConfigurationPlatforms) = preSolution
		Debug|Any CPU = Debug|Any CPU
		Release|Any CPU = Release|Any CPU
		Debug|iPhoneSimulator = Debug|iPhoneSimulator
		Release|iPhoneSimulator = Release|iPhoneSimulator
		Debug|iPhone = Debug|iPhone
		Release|iPhone = Release|iPhone
	EndGlobalSection
	GlobalSection(ProjectConfigurationPlatforms) = postSolution
		{C867DDF4-DC34-42FE-B041-AAE3083D429A}.Debug|Any CPU.ActiveCfg = Debug|Any CPU
		{C867DDF4-DC34-42FE-B041-AAE3083D429A}.Debug|Any CPU.Build.0 = Debug|Any CPU
		{C867DDF4-DC34-42FE-B041-AAE3083D429A}.Release|Any CPU.ActiveCfg = Release|Any CPU
		{C867DDF4-DC34-42FE-B041-AAE3083D429A}.Release|Any CPU.Build.0 = Release|Any CPU
		{C867DDF4-DC34-42FE-B041-AAE3083D429A}.Debug|iPhoneSimulator.ActiveCfg = Debug|Any CPU
		{C867DDF4-DC34-42FE-B041-AAE3083D429A}.Debug|iPhoneSimulator.Build.0 = Debug|Any CPU
		{C867DDF4-DC34-42FE-B041-AAE3083D429A}.Release|iPhoneSimulator.ActiveCfg = Release|Any CPU
		{C867DDF4-DC34-42FE-B041-AAE3083D429A}.Release|iPhoneSimulator.Build.0 = Release|Any CPU
		{C867DDF4-DC34-42FE-B041-AAE3083D429A}.Debug|iPhone.ActiveCfg = Debug|Any CPU
		{C867DDF4-DC34-42FE-B041-AAE3083D429A}.Debug|iPhone.Build.0 = Debug|Any CPU
		{C867DDF4-DC34-42FE-B041-AAE3083D429A}.Release|iPhone.ActiveCfg = Release|Any CPU
		{C867DDF4-DC34-42FE-B041-AAE3083D429A}.Release|iPhone.Build.0 = Release|Any CPU
		{B6DDAFE4-A28E-4287-A775-1609FBB4F331}.Debug|Any CPU.ActiveCfg = Debug|iPhoneSimulator
		{B6DDAFE4-A28E-4287-A775-1609FBB4F331}.Debug|Any CPU.Build.0 = Debug|iPhoneSimulator
		{B6DDAFE4-A28E-4287-A775-1609FBB4F331}.Release|Any CPU.ActiveCfg = Release|iPhoneSimulator
		{B6DDAFE4-A28E-4287-A775-1609FBB4F331}.Release|Any CPU.Build.0 = Release|iPhoneSimulator
		{B6DDAFE4-A28E-4287-A775-1609FBB4F331}.Debug|iPhoneSimulator.ActiveCfg = Debug|iPhoneSimulator
		{B6DDAFE4-A28E-4287-A775-1609FBB4F331}.Debug|iPhoneSimulator.Build.0 = Debug|iPhoneSimulator
		{B6DDAFE4-A28E-4287-A775-1609FBB4F331}.Release|iPhoneSimulator.ActiveCfg = Release|iPhoneSimulator
		{B6DDAFE4-A28E-4287-A775-1609FBB4F331}.Release|iPhoneSimulator.Build.0 = Release|iPhoneSimulator
		{B6DDAFE4-A28E-4287-A775-1609FBB4F331}.Debug|iPhone.ActiveCfg = Debug|iPhone
		{B6DDAFE4-A28E-4287-A775-1609FBB4F331}.Debug|iPhone.Build.0 = Debug|iPhone
		{B6DDAFE4-A28E-4287-A775-1609FBB4F331}.Release|iPhone.ActiveCfg = Release|iPhone
		{B6DDAFE4-A28E-4287-A775-1609FBB4F331}.Release|iPhone.Build.0 = Release|iPhone
		{773EE1DB-CC51-445B-A57D-22112A06B5DB}.Debug|Any CPU.ActiveCfg = Debug|Any CPU
		{773EE1DB-CC51-445B-A57D-22112A06B5DB}.Debug|Any CPU.Build.0 = Debug|Any CPU
		{773EE1DB-CC51-445B-A57D-22112A06B5DB}.Release|Any CPU.ActiveCfg = Release|Any CPU
		{773EE1DB-CC51-445B-A57D-22112A06B5DB}.Release|Any CPU.Build.0 = Release|Any CPU
		{773EE1DB-CC51-445B-A57D-22112A06B5DB}.Debug|iPhoneSimulator.ActiveCfg = Debug|Any CPU
		{773EE1DB-CC51-445B-A57D-22112A06B5DB}.Debug|iPhoneSimulator.Build.0 = Debug|Any CPU
		{773EE1DB-CC51-445B-A57D-22112A06B5DB}.Release|iPhoneSimulator.ActiveCfg = Release|Any CPU
		{773EE1DB-CC51-445B-A57D-22112A06B5DB}.Release|iPhoneSimulator.Build.0 = Release|Any CPU
		{773EE1DB-CC51-445B-A57D-22112A06B5DB}.Debug|iPhone.ActiveCfg = Debug|Any CPU
		{773EE1DB-CC51-445B-A57D-22112A06B5DB}.Debug|iPhone.Build.0 = Debug|Any CPU
		{773EE1DB-CC51-445B-A57D-22112A06B5DB}.Release|iPhone.ActiveCfg = Release|Any CPU
		{773EE1DB-CC51-445B-A57D-22112A06B5DB}.Release|iPhone.Build.0 = Release|Any CPU
	EndGlobalSection
EndGlobal
